{
  "name": "ngx-chord-diagram",
  "version": "0.0.2",
  "lockfileVersion": 1,
  "requires": true,
  "dependencies": {
    "@authentrics/chord-diagram": {
      "version": "0.0.3",
      "resolved": "https://registry.npmjs.org/@authentrics/chord-diagram/-/chord-diagram-0.0.3.tgz",
      "integrity": "sha512-/iM1+JKNYEPGoVJc0Zzvu9stqCLtGRiKPRE8RAzf81ny4LqvmdNSTIMAulpNSltQ9snyz2ijjDVDIhOKl/u4Zw=="
    }
  }
}
